
Microsoft Visual Studio Solution File, Format Version 12.00
Project("{FAE04EC0-301F-11D3-BF4B-00C04F79EFBC}") = "UsersChat", "UsersChat\UsersChat.csproj", "{C8DF4C97-7D73-42E2-819D-0B0193200CB5}"
EndProject
Global
	GlobalSection(SolutionConfigurationPlatforms) = preSolution
		Debug|Any CPU = Debug|Any CPU
		Release|Any CPU = Release|Any CPU
	EndGlobalSection
	GlobalSection(ProjectConfigurationPlatforms) = postSolution
		{C8DF4C97-7D73-42E2-819D-0B0193200CB5}.Debug|Any CPU.ActiveCfg = Debug|Any CPU
		{C8DF4C97-7D73-42E2-819D-0B0193200CB5}.Debug|Any CPU.Build.0 = Debug|Any CPU
		{C8DF4C97-7D73-42E2-819D-0B0193200CB5}.Release|Any CPU.ActiveCfg = Release|Any CPU
		{C8DF4C97-7D73-42E2-819D-0B0193200CB5}.Release|Any CPU.Build.0 = Release|Any CPU
	EndGlobalSection
EndGlobal
